// !$*UTF8*$!
{
	archiveVersion = 1;
	classes = {
	};
	objectVersion = 46;
	objects = {

/* Begin PBXBuildFile section */
		8D59ACE41CD509A1007F9E09 /* Main_iPhone.storyboard in Resources */ = {isa = PBXBuildFile; fileRef = 8D59ACE31CD509A1007F9E09 /* Main_iPhone.storyboard */; };
		8D59ACE61CD509B7007F9E09 /* Main_iPad.storyboard in Resources */ = {isa = PBXBuildFile; fileRef = 8D59ACE51CD509B7007F9E09 /* Main_iPad.storyboard */; };
		8D59ACE91CD50B56007F9E09 /* DMViewController.m in Sources */ = {isa = PBXBuildFile; fileRef = 8D59ACE81CD50B56007F9E09 /* DMViewController.m */; };
		8D59ACEC1CD50FE9007F9E09 /* DMDetailsViewController.m in Sources */ = {isa = PBXBuildFile; fileRef = 8D59ACEB1CD50FE9007F9E09 /* DMDetailsViewController.m */; };
		8DABC93B1CCFC32F00E20E72 /* main.m in Sources */ = {isa = PBXBuildFile; fileRef = 8DABC93A1CCFC32F00E20E72 /* main.m */; };
		8DABC93E1CCFC32F00E20E72 /* AppDelegate.m in Sources */ = {isa = PBXBuildFile; fileRef = 8DABC93D1CCFC32F00E20E72 /* AppDelegate.m */; };
		8DABC9461CCFC32F00E20E72 /* Images.xcassets in Resources */ = {isa = PBXBuildFile; fileRef = 8DABC9451CCFC32F00E20E72 /* Images.xcassets */; };
		8DABC9491CCFC32F00E20E72 /* LaunchScreen.xib in Resources */ = {isa = PBXBuildFile; fileRef = 8DABC9471CCFC32F00E20E72 /* LaunchScreen.xib */; };
		8DABC9551CCFC33000E20E72 /* PopoversTestTests.m in Sources */ = {isa = PBXBuildFile; fileRef = 8DABC9541CCFC33000E20E72 /* PopoversTestTests.m */; };
/* End PBXBuildFile section */

/* Begin PBXContainerItemProxy section */
		8DABC94F1CCFC32F00E20E72 /* PBXContainerItemProxy */ = {
			isa = PBXContainerItemProxy;
			containerPortal = 8DABC92D1CCFC32F00E20E72 /* Project object */;
			proxyType = 1;
			remoteGlobalIDString = 8DABC9341CCFC32F00E20E72;
			remoteInfo = PopoversTest;
		};
/* End PBXContainerItemProxy section */

/* Begin PBXFileReference section */
		8D59ACE31CD509A1007F9E09 /* Main_iPhone.storyboard */ = {isa = PBXFileReference; fileEncoding = 4; lastKnownFileType = file.storyboard; name = Main_iPhone.storyboard; path = ../Main_iPhone.storyboard; sourceTree = "<group>"; };
		8D59ACE51CD509B7007F9E09 /* Main_iPad.storyboard */ = {isa = PBXFileReference; fileEncoding = 4; lastKnownFileType = file.storyboard; name = Main_iPad.storyboard; path = ../Main_iPad.storyboard; sourceTree = "<group>"; };
		8D59ACE71CD50B56007F9E09 /* DMViewController.h */ = {isa = PBXFileReference; fileEncoding = 4; lastKnownFileType = sourcecode.c.h; path = DMViewController.h; sourceTree = "<group>"; };
		8D59ACE81CD50B56007F9E09 /* DMViewController.m */ = {isa = PBXFileReference; fileEncoding = 4; lastKnownFileType = sourcecode.c.objc; path = DMViewController.m; sourceTree = "<group>"; };
		8D59ACEA1CD50FE9007F9E09 /* DMDetailsViewController.h */ = {isa = PBXFileReference; fileEncoding = 4; lastKnownFileType = sourcecode.c.h; path = DMDetailsViewController.h; sourceTree = "<group>"; };
		8D59ACEB1CD50FE9007F9E09 /* DMDetailsViewController.m */ = {isa = PBXFileReference; fileEncoding = 4; lastKnownFileType = sourcecode.c.objc; path = DMDetailsViewController.m; sourceTree = "<group>"; };
		8DABC9351CCFC32F00E20E72 /* PopoversTest.app */ = {isa = PBXFileReference; explicitFileType = wrapper.application; includeInIndex = 0; path = PopoversTest.app; sourceTree = BUILT_PRODUCTS_DIR; };
		8DABC9391CCFC32F00E20E72 /* Info.plist */ = {isa = PBXFileReference; lastKnownFileType = text.plist.xml; path = Info.plist; sourceTree = "<group>"; };
		8DABC93A1CCFC32F00E20E72 /* main.m */ = {isa = PBXFileReference; lastKnownFileType = sourcecode.c.objc; path = main.m; sourceTree = "<group>"; };
		8DABC93C1CCFC32F00E20E72 /* AppDelegate.h */ = {isa = PBXFileReference; lastKnownFileType = sourcecode.c.h; path = AppDelegate.h; sourceTree = "<group>"; };
		8DABC93D1CCFC32F00E20E72 /* AppDelegate.m */ = {isa = PBXFileReference; lastKnownFileType = sourcecode.c.objc; path = AppDelegate.m; sourceTree = "<group>"; };
		8DABC9451CCFC32F00E20E72 /* Images.xcassets */ = {isa = PBXFileReference; lastKnownFileType = folder.assetcatalog; path = Images.xcassets; sourceTree = "<group>"; };
		8DABC9481CCFC32F00E20E72 /* Base */ = {isa = PBXFileReference; lastKnownFileType = file.xib; name = Base; path = Base.lproj/LaunchScreen.xib; sourceTree = "<group>"; };
		8DABC94E1CCFC32F00E20E72 /* PopoversTestTests.xctest */ = {isa = PBXFileReference; explicitFileType = wrapper.cfbundle; includeInIndex = 0; path = PopoversTestTests.xctest; sourceTree = BUILT_PRODUCTS_DIR; };
		8DABC9531CCFC33000E20E72 /* Info.plist */ = {isa = PBXFileReference; lastKnownFileType = text.plist.xml; path = Info.plist; sourceTree = "<group>"; };
		8DABC9541CCFC33000E20E72 /* PopoversTestTests.m */ = {isa = PBXFileReference; lastKnownFileType = sourcecode.c.objc; path = PopoversTestTests.m; sourceTree = "<group>"; };
/* End PBXFileReference section */

/* Begin PBXFrameworksBuildPhase section */
		8DABC9321CCFC32F00E20E72 /* Frameworks */ = {
			isa = PBXFrameworksBuildPhase;
			buildActionMask = 2147483647;
			files = (
			);
			runOnlyForDeploymentPostprocessing = 0;
		};
		8DABC94B1CCFC32F00E20E72 /* Frameworks */ = {
			isa = PBXFrameworksBuildPhase;
			buildActionMask = 2147483647;
			files = (
			);
			runOnlyForDeploymentPostprocessing = 0;
		};
/* End PBXFrameworksBuildPhase section */

/* Begin PBXGroup section */
		8DABC92C1CCFC32F00E20E72 = {
			isa = PBXGroup;
			children = (
				8DABC9371CCFC32F00E20E72 /* PopoversTest */,
				8DABC9511CCFC33000E20E72 /* PopoversTestTests */,
				8DABC9361CCFC32F00E20E72 /* Products */,
			);
			sourceTree = "<group>";
		};
		8DABC9361CCFC32F00E20E72 /* Products */ = {
			isa = PBXGroup;
			children = (
				8DABC9351CCFC32F00E20E72 /* PopoversTest.app */,
				8DABC94E1CCFC32F00E20E72 /* PopoversTestTests.xctest */,
			);
			name = Products;
			sourceTree = "<group>";
		};
		8DABC9371CCFC32F00E20E72 /* PopoversTest */ = {
			isa = PBXGroup;
			children = (
				8D59ACE51CD509B7007F9E09 /* Main_iPad.storyboard */,
				8D59ACE31CD509A1007F9E09 /* Main_iPhone.storyboard */,
				8DABC93C1CCFC32F00E20E72 /* AppDelegate.h */,
				8DABC93D1CCFC32F00E20E72 /* AppDelegate.m */,
				8D59ACE71CD50B56007F9E09 /* DMViewController.h */,
				8D59ACE81CD50B56007F9E09 /* DMViewController.m */,
				8D59ACEA1CD50FE9007F9E09 /* DMDetailsViewController.h */,
				8D59ACEB1CD50FE9007F9E09 /* DMDetailsViewController.m */,
				8DABC9451CCFC32F00E20E72 /* Images.xcassets */,
				8DABC9471CCFC32F00E20E72 /* LaunchScreen.xib */,
				8DABC9381CCFC32F00E20E72 /* Supporting Files */,
			);
			path = PopoversTest;
			sourceTree = "<group>";
		};
		8DABC9381CCFC32F00E20E72 /* Supporting Files */ = {
			isa = PBXGroup;
			children = (
				8DABC9391CCFC32F00E20E72 /* Info.plist */,
				8DABC93A1CCFC32F00E20E72 /* main.m */,
			);
			name = "Supporting Files";
			sourceTree = "<group>";
		};
		8DABC9511CCFC33000E20E72 /* PopoversTestTests */ = {
			isa = PBXGroup;
			children = (
				8DABC9541CCFC33000E20E72 /* PopoversTestTests.m */,
				8DABC9521CCFC33000E20E72 /* Supporting Files */,
			);
			path = PopoversTestTests;
			sourceTree = "<group>";
		};
		8DABC9521CCFC33000E20E72 /* Supporting Files */ = {
			isa = PBXGroup;
			children = (
				8DABC9531CCFC33000E20E72 /* Info.plist */,
			);
			name = "Supporting Files";
			sourceTree = "<group>";
		};
/* End PBXGroup section */

/* Begin PBXNativeTarget section */
		8DABC9341CCFC32F00E20E72 /* PopoversTest */ = {
			isa = PBXNativeTarget;
			buildConfigurationList = 8DABC9581CCFC33000E20E72 /* Build configuration list for PBXNativeTarget "PopoversTest" */;
			buildPhases = (
				8DABC9311CCFC32F00E20E72 /* Sources */,
				8DABC9321CCFC32F00E20E72 /* Frameworks */,
				8DABC9331CCFC32F00E20E72 /* Resources */,
			);
			buildRules = (
			);
			dependencies = (
			);
			name = PopoversTest;
			productName = PopoversTest;
			productReference = 8DABC9351CCFC32F00E20E72 /* PopoversTest.app */;
			productType = "com.apple.product-type.application";
		};
		8DABC94D1CCFC32F00E20E72 /* PopoversTestTests */ = {
			isa = PBXNativeTarget;
			buildConfigurationList = 8DABC95B1CCFC33000E20E72 /* Build configuration list for PBXNativeTarget "PopoversTestTests" */;
			buildPhases = (
				8DABC94A1CCFC32F00E20E72 /* Sources */,
				8DABC94B1CCFC32F00E20E72 /* Frameworks */,
				8DABC94C1CCFC32F00E20E72 /* Resources */,
			);
			buildRules = (
			);
			dependencies = (
				8DABC9501CCFC32F00E20E72 /* PBXTargetDependency */,
			);
			name = PopoversTestTests;
			productName = PopoversTestTests;
			productReference = 8DABC94E1CCFC32F00E20E72 /* PopoversTestTests.xctest */;
			productType = "com.apple.product-type.bundle.unit-test";
		};
/* End PBXNativeTarget section */

/* Begin PBXProject section */
		8DABC92D1CCFC32F00E20E72 /* Project object */ = {
			isa = PBXProject;
			attributes = {
				LastUpgradeCheck = 0620;
				ORGANIZATIONNAME = sublio;
				TargetAttributes = {
					8DABC9341CCFC32F00E20E72 = {
						CreatedOnToolsVersion = 6.2;
					};
					8DABC94D1CCFC32F00E20E72 = {
						CreatedOnToolsVersion = 6.2;
						TestTargetID = 8DABC9341CCFC32F00E20E72;
					};
				};
			};
			buildConfigurationList = 8DABC9301CCFC32F00E20E72 /* Build configuration list for PBXProject "PopoversTest" */;
			compatibilityVersion = "Xcode 3.2";
			developmentRegion = English;
			hasScannedForEncodings = 0;
			knownRegions = (
				en,
				Base,
			);
			mainGroup = 8DABC92C1CCFC32F00E20E72;
			productRefGroup = 8DABC9361CCFC32F00E20E72 /* Products */;
			projectDirPath = "";
			projectRoot = "";
			targets = (
				8DABC9341CCFC32F00E20E72 /* PopoversTest */,
				8DABC94D1CCFC32F00E20E72 /* PopoversTestTests */,
			);
		};
/* End PBXProject section */

/* Begin PBXResourcesBuildPhase section */
		8DABC9331CCFC32F00E20E72 /* Resources */ = {
			isa = PBXResourcesBuildPhase;
			buildActionMask = 2147483647;
			files = (
				8DABC9491CCFC32F00E20E72 /* LaunchScreen.xib in Resources */,
				8D59ACE61CD509B7007F9E09 /* Main_iPad.storyboard in Resources */,
				8DABC9461CCFC32F00E20E72 /* Images.xcassets in Resources */,
				8D59ACE41CD509A1007F9E09 /* Main_iPhone.storyboard in Resources */,
			);
			runOnlyForDeploymentPostprocessing = 0;
		};
		8DABC94C1CCFC32F00E20E72 /* Resources */ = {
			isa = PBXResourcesBuildPhase;
			buildActionMask = 2147483647;
			files = (
			);
			runOnlyForDeploymentPostprocessing = 0;
		};
/* End PBXResourcesBuildPhase section */

/* Begin PBXSourcesBuildPhase section */
		8DABC9311CCFC32F00E20E72 /* Sources */ = {
			isa = PBXSourcesBuildPhase;
			buildActionMask = 2147483647;
			files = (
				8DABC93E1CCFC32F00E20E72 /* AppDelegate.m in Sources */,
				8D59ACE91CD50B56007F9E09 /* DMViewController.m in Sources */,
				8D59ACEC1CD50FE9007F9E09 /* DMDetailsViewController.m in Sources */,
				8DABC93B1CCFC32F00E20E72 /* main.m in Sources */,
			);
			runOnlyForDeploymentPostprocessing = 0;
		};
		8DABC94A1CCFC32F00E20E72 /* Sources */ = {
			isa = PBXSourcesBuildPhase;
			buildActionMask = 2147483647;
			files = (
				8DABC9551CCFC33000E20E72 /* PopoversTestTests.m in Sources */,
			);
			runOnlyForDeploymentPostprocessing = 0;
		};
/* End PBXSourcesBuildPhase section */

/* Begin PBXTargetDependency section */
		8DABC9501CCFC32F00E20E72 /* PBXTargetDependency */ = {
			isa = PBXTargetDependency;
			target = 8DABC9341CCFC32F00E20E72 /* PopoversTest */;
			targetProxy = 8DABC94F1CCFC32F00E20E72 /* PBXContainerItemProxy */;
		};
/* End PBXTargetDependency section */

/* Begin PBXVariantGroup section */
		8DABC9471CCFC32F00E20E72 /* LaunchScreen.xib */ = {
			isa = PBXVariantGroup;
			children = (
				8DABC9481CCFC32F00E20E72 /* Base */,
			);
			name = LaunchScreen.xib;
			sourceTree = "<group>";
		};
/* End PBXVariantGroup section */

/* Begin XCBuildConfiguration section */
		8DABC9561CCFC33000E20E72 /* Debug */ = {
			isa = XCBuildConfiguration;
			buildSettings = {
				ALWAYS_SEARCH_USER_PATHS = NO;
				CLANG_CXX_LANGUAGE_STANDARD = "gnu++0x";
				CLANG_CXX_LIBRARY = "libc++";
				CLANG_ENABLE_MODULES = YES;
				CLANG_ENABLE_OBJC_ARC = YES;
				CLANG_WARN_BOOL_CONVERSION = YES;
				CLANG_WARN_CONSTANT_CONVERSION = YES;
				CLANG_WARN_DIRECT_OBJC_ISA_USAGE = YES_ERROR;
				CLANG_WARN_EMPTY_BODY = YES;
				CLANG_WARN_ENUM_CONVERSION = YES;
				CLANG_WARN_INT_CONVERSION = YES;
				CLANG_WARN_OBJC_ROOT_CLASS = YES_ERROR;
				CLANG_WARN_UNREACHABLE_CODE = YES;
				CLANG_WARN__DUPLICATE_METHOD_MATCH = YES;
				"CODE_SIGN_IDENTITY[sdk=iphoneos*]" = "iPhone Developer";
				COPY_PHASE_STRIP = NO;
				ENABLE_STRICT_OBJC_MSGSEND = YES;
				GCC_C_LANGUAGE_STANDARD = gnu99;
				GCC_DYNAMIC_NO_PIC = NO;
				GCC_OPTIMIZATION_LEVEL = 0;
				GCC_PREPROCESSOR_DEFINITIONS = (
					"DEBUG=1",
					"$(inherited)",
				);
				GCC_SYMBOLS_PRIVATE_EXTERN = NO;
				GCC_WARN_64_TO_32_BIT_CONVERSION = YES;
				GCC_WARN_ABOUT_RETURN_TYPE = YES_ERROR;
				GCC_WARN_UNDECLARED_SELECTOR = YES;
				GCC_WARN_UNINITIALIZED_AUTOS = YES_AGGRESSIVE;
				GCC_WARN_UNUSED_FUNCTION = YES;
				GCC_WARN_UNUSED_VARIABLE = YES;
				IPHONEOS_DEPLOYMENT_TARGET = 8.2;
				MTL_ENABLE_DEBUG_INFO = YES;
				ONLY_ACTIVE_ARCH = YES;
				SDKROOT = iphoneos;
			};
			name = Debug;
		};
		8DABC9571CCFC33000E20E72 /* Release */ = {
			isa = XCBuildConfiguration;
			buildSettings = {
				ALWAYS_SEARCH_USER_PATHS = NO;
				CLANG_CXX_LANGUAGE_STANDARD = "gnu++0x";
				CLANG_CXX_LIBRARY = "libc++";
				CLANG_ENABLE_MODULES = YES;
				CLANG_ENABLE_OBJC_ARC = YES;
				CLANG_WARN_BOOL_CONVERSION = YES;
				CLANG_WARN_CONSTANT_CONVERSION = YES;
				CLANG_WARN_DIRECT_OBJC_ISA_USAGE = YES_ERROR;
				CLANG_WARN_EMPTY_BODY = YES;
				CLANG_WARN_ENUM_CONVERSION = YES;
				CLANG_WARN_INT_CONVERSION = YES;
				CLANG_WARN_OBJC_ROOT_CLASS = YES_ERROR;
				CLANG_WARN_UNREACHABLE_CODE = YES;
				CLANG_WARN__DUPLICATE_METHOD_MATCH = YES;
				"CODE_SIGN_IDENTITY[sdk=iphoneos*]" = "iPhone Developer";
				COPY_PHASE_STRIP = NO;
				ENABLE_NS_ASSERTIONS = NO;
				ENABLE_STRICT_OBJC_MSGSEND = YES;
				GCC_C_LANGUAGE_STANDARD = gnu99;
				GCC_WARN_64_TO_32_BIT_CONVERSION = YES;
				GCC_WARN_ABOUT_RETURN_TYPE = YES_ERROR;
				GCC_WARN_UNDECLARED_SELECTOR = YES;
				GCC_WARN_UNINITIALIZED_AUTOS = YES_AGGRESSIVE;
				GCC_WARN_UNUSED_FUNCTION = YES;
				GCC_WARN_UNUSED_VARIABLE = YES;
				IPHONEOS_DEPLOYMENT_TARGET = 8.2;
				MTL_ENABLE_DEBUG_INFO = NO;
				SDKROOT = iphoneos;
				VALIDATE_PRODUCT = YES;
			};
			name = Release;
		};
		8DABC9591CCFC33000E20E72 /* Debug */ = {
			isa = XCBuildConfiguration;
			buildSettings = {
				ASSETCATALOG_COMPILER_APPICON_NAME = AppIcon;
				CLANG_ENABLE_MODULES = YES;
				INFOPLIST_FILE = PopoversTest/Info.plist;
				LD_RUNPATH_SEARCH_PATHS = "$(inherited) @executable_path/Frameworks";
				PRODUCT_NAME = "$(TARGET_NAME)";
				SWIFT_OPTIMIZATION_LEVEL = "-Onone";
				TARGETED_DEVICE_FAMILY = "1,2";
			};
			name = Debug;
		};
		8DABC95A1CCFC33000E20E72 /* Release */ = {
			isa = XCBuildConfiguration;
			buildSettings = {
				ASSETCATALOG_COMPILER_APPICON_NAME = AppIcon;
				CLANG_ENABLE_MODULES = YES;
				INFOPLIST_FILE = PopoversTest/Info.plist;
				LD_RUNPATH_SEARCH_PATHS = "$(inherited) @executable_path/Frameworks";
				PRODUCT_NAME = "$(TARGET_NAME)";
				TARGETED_DEVICE_FAMILY = "1,2";
			};
			name = Release;
		};
		8DABC95C1CCFC33000E20E72 /* Debug */ = {
			isa = XCBuildConfiguration;
			buildSettings = {
				BUNDLE_LOADER = "$(TEST_HOST)";
				FRAMEWORK_SEARCH_PATHS = (
					"$(SDKROOT)/Developer/Library/Frameworks",
					"$(inherited)",
				);
				GCC_PREPROCESSOR_DEFINITIONS = (
					"DEBUG=1",
					"$(inherited)",
				);
				INFOPLIST_FILE = PopoversTestTests/Info.plist;
				LD_RUNPATH_SEARCH_PATHS = "$(inherited) @executable_path/Frameworks @loader_path/Frameworks";
				PRODUCT_NAME = "$(TARGET_NAME)";
				TEST_HOST = "$(BUILT_PRODUCTS_DIR)/PopoversTest.app/PopoversTest";
			};
			name = Debug;
		};
		8DABC95D1CCFC33000E20E72 /* Release */ = {
			isa = XCBuildConfiguration;
			buildSettings = {
				BUNDLE_LOADER = "$(TEST_HOST)";
				FRAMEWORK_SEARCH_PATHS = (
					"$(SDKROOT)/Developer/Library/Frameworks",
					"$(inherited)",
				);
				INFOPLIST_FILE = PopoversTestTests/Info.plist;
				LD_RUNPATH_SEARCH_PATHS = "$(inherited) @executable_path/Frameworks @loader_path/Frameworks";
				PRODUCT_NAME = "$(TARGET_NAME)";
				TEST_HOST = "$(BUILT_PRODUCTS_DIR)/PopoversTest.app/PopoversTest";
			};
			name = Release;
		};
/* End XCBuildConfiguration section */

/* Begin XCConfigurationList section */
		8DABC9301CCFC32F00E20E72 /* Build configuration list for PBXProject "PopoversTest" */ = {
			isa = XCConfigurationList;
			buildConfigurations = (
				8DABC9561CCFC33000E20E72 /* Debug */,
				8DABC9571CCFC33000E20E72 /* Release */,
			);
			defaultConfigurationIsVisible = 0;
			defaultConfigurationName = Release;
		};
		8DABC9581CCFC33000E20E72 /* Build configuration list for PBXNativeTarget "PopoversTest" */ = {
			isa = XCConfigurationList;
			buildConfigurations = (
				8DABC9591CCFC33000E20E72 /* Debug */,
				8DABC95A1CCFC33000E20E72 /* Release */,
			);
			defaultConfigurationIsVisible = 0;
			defaultConfigurationName = Release;
		};
		8DABC95B1CCFC33000E20E72 /* Build configuration list for PBXNativeTarget "PopoversTestTests" */ = {
			isa = XCConfigurationList;
			buildConfigurations = (
				8DABC95C1CCFC33000E20E72 /* Debug */,
				8DABC95D1CCFC33000E20E72 /* Release */,
			);
			defaultConfigurationIsVisible = 0;
			defaultConfigurationName = Release;
		};
/* End XCConfigurationList section */
	};
	rootObject = 8DABC92D1CCFC32F00E20E72 /* Project object */;
}
